
Microsoft Visual Studio Solution File, Format Version 9.00
# Visual Studio 2005
Project("{FAE04EC0-301F-11D3-BF4B-00C04F79EFBC}") = "iectl", "iectl\iectl.csproj", "{3E64A79B-C5F7-41A5-8395-4C5F7260298B}"
EndProject
Global
	GlobalSection(SolutionConfigurationPlatforms) = preSolution
		Debug|Any CPU = Debug|Any CPU
		Release|Any CPU = Release|Any CPU
	EndGlobalSection
	GlobalSection(ProjectConfigurationPlatforms) = postSolution
		{3E64A79B-C5F7-41A5-8395-4C5F7260298B}.Debug|Any CPU.ActiveCfg = Debug|Any CPU
		{3E64A79B-C5F7-41A5-8395-4C5F7260298B}.Debug|Any CPU.Build.0 = Debug|Any CPU
		{3E64A79B-C5F7-41A5-8395-4C5F7260298B}.Release|Any CPU.ActiveCfg = Release|Any CPU
		{3E64A79B-C5F7-41A5-8395-4C5F7260298B}.Release|Any CPU.Build.0 = Release|Any CPU
	EndGlobalSection
	GlobalSection(SolutionProperties) = preSolution
		HideSolutionNode = FALSE
	EndGlobalSection
EndGlobal
